<?xml version="1.0" encoding="utf-8"?>
<Project ToolsVersion="4.0" xmlns="http://schemas.microsoft.com/developer/msbuild/2003">
  <ItemGroup>
    <Filter Include="Source Files">
      <UniqueIdentifier>{4FC737F1-C7A5-4376-A066-2A32D752A2FF}</UniqueIdentifier>
      <Extensions>cpp;c;cc;cxx;c++;cppm;ixx;def;odl;idl;hpj;bat;asm;asmx</Extensions>
    </Filter>
    <Filter Include="Header Files">
      <UniqueIdentifier>{93995380-89BD-4b04-88EB-625FBE52EBFB}</UniqueIdentifier>
      <Extensions>h;hh;hpp;hxx;h++;hm;inl;inc;ipp;xsd</Extensions>
    </Filter>
    <Filter Include="Resource Files">
      <UniqueIdentifier>{67DA6AB6-F800-4c08-8B7A-83BB121AAD01}</UniqueIdentifier>
      <Extensions>rc;ico;cur;bmp;dlg;rc2;rct;bin;rgs;gif;jpg;jpeg;jpe;resx;tiff;tif;png;wav;mfcribbon-ms</Extensions>
    </Filter>
    <Filter Include="dlls">
      <UniqueIdentifier>{9b9a88ed-aa08-4314-ac3d-dcedfbba5dfd}</UniqueIdentifier>
    </Filter>
    <Filter Include="Header Files\includes">
      <UniqueIdentifier>{3be830b2-9282-412e-88ea-2cfb6ba0d7d8}</UniqueIdentifier>
    </Filter>
    <Filter Include="Header Files\copyToOut">
      <UniqueIdentifier>{ef3457fb-3259-42ff-806b-7327f433a81a}</UniqueIdentifier>
    </Filter>
  </ItemGroup>
  <ItemGroup>
    <ClInclude Include="Resource.h">
      <Filter>Header Files</Filter>
    </ClInclude>
    <ClInclude Include="GJScene.h">
      <Filter>Header Files</Filter>
    </ClInclude>
    <ClInclude Include="Animation.h">
      <Filter>Header Files</Filter>
    </ClInclude>
    <ClInclude Include="GJRenderer.h">
      <Filter>Header Files</Filter>
    </ClInclude>
    <ClInclude Include="GJGlobals.h">
      <Filter>Header Files</Filter>
    </ClInclude>
    <ClInclude Include="GameEngine.h">
      <Filter>Header Files</Filter>
    </ClInclude>
    <ClInclude Include="..\include\danny\cpp3rdParty.h">
      <Filter>Header Files\includes</Filter>
    </ClInclude>
    <ClInclude Include="..\include\danny\cppUtil.h">
      <Filter>Header Files\includes</Filter>
    </ClInclude>
  </ItemGroup>
  <ItemGroup>
    <ClCompile Include="dx2d.cpp">
      <Filter>Source Files</Filter>
    </ClCompile>
  </ItemGroup>
  <ItemGroup>
    <ResourceCompile Include="dx2d.rc">
      <Filter>Resource Files</Filter>
    </ResourceCompile>
  </ItemGroup>
  <ItemGroup>
    <Image Include="small.ico">
      <Filter>Resource Files</Filter>
    </Image>
    <Image Include="dx2d.ico">
      <Filter>Resource Files</Filter>
    </Image>
  </ItemGroup>
  <ItemGroup>
    <CopyFileToFolders Include="..\libs\irrklang\ikpMP3.dll">
      <Filter>dlls</Filter>
    </CopyFileToFolders>
    <CopyFileToFolders Include="..\libs\irrklang\ikpFlac.dll">
      <Filter>dlls</Filter>
    </CopyFileToFolders>
    <CopyFileToFolders Include="..\libs\irrklang\irrKlang.dll">
      <Filter>dlls</Filter>
    </CopyFileToFolders>
    <CopyFileToFolders Include="..\assets\mainmenu.mp3">
      <Filter>Header Files\copyToOut</Filter>
    </CopyFileToFolders>
    <CopyFileToFolders Include="..\assets\ingame.mp3">
      <Filter>Header Files\copyToOut</Filter>
    </CopyFileToFolders>
    <CopyFileToFolders Include="..\assets\qLeap.png">
      <Filter>Header Files\copyToOut</Filter>
    </CopyFileToFolders>
    <CopyFileToFolders Include="..\assets\explode.png">
      <Filter>Header Files\copyToOut</Filter>
    </CopyFileToFolders>
    <CopyFileToFolders Include="..\assets\map1.txt">
      <Filter>Header Files\copyToOut</Filter>
    </CopyFileToFolders>
  </ItemGroup>
</Project>